// !$*UTF8*$!
{
	archiveVersion = 1;
	classes = {
	};
	objectVersion = 46;
	objects = {

/* Begin PBXBuildFile section */
		6E2A66441A79061C00F65839 /* BaseViewController.xib in Resources */ = {isa = PBXBuildFile; fileRef = 6E2A66431A79061C00F65839 /* BaseViewController.xib */; };
		6ED29F9D1A77BA85005675F8 /* AppDelegate.swift in Sources */ = {isa = PBXBuildFile; fileRef = 6ED29F9C1A77BA85005675F8 /* AppDelegate.swift */; };
		6ED29F9F1A77BA85005675F8 /* ViewController.swift in Sources */ = {isa = PBXBuildFile; fileRef = 6ED29F9E1A77BA85005675F8 /* ViewController.swift */; };
		6ED29FA41A77BA85005675F8 /* Images.xcassets in Resources */ = {isa = PBXBuildFile; fileRef = 6ED29FA31A77BA85005675F8 /* Images.xcassets */; };
		6ED29FA71A77BA85005675F8 /* LaunchScreen.xib in Resources */ = {isa = PBXBuildFile; fileRef = 6ED29FA51A77BA85005675F8 /* LaunchScreen.xib */; };
		6ED29FB31A77BA85005675F8 /* AirbnbViewController_SampleTests.swift in Sources */ = {isa = PBXBuildFile; fileRef = 6ED29FB21A77BA85005675F8 /* AirbnbViewController_SampleTests.swift */; };
		6ED29FC21A77BAB5005675F8 /* AirbnbHelper.m in Sources */ = {isa = PBXBuildFile; fileRef = 6ED29FBF1A77BAB5005675F8 /* AirbnbHelper.m */; };
		6ED29FC31A77BAB5005675F8 /* AirbnbSessionView.swift in Sources */ = {isa = PBXBuildFile; fileRef = 6ED29FC01A77BAB5005675F8 /* AirbnbSessionView.swift */; };
		6ED29FC41A77BAB5005675F8 /* AirbnbViewController.swift in Sources */ = {isa = PBXBuildFile; fileRef = 6ED29FC11A77BAB5005675F8 /* AirbnbViewController.swift */; };
		6ED29FC71A77C1FA005675F8 /* MenuViewController.swift in Sources */ = {isa = PBXBuildFile; fileRef = 6ED29FC61A77C1FA005675F8 /* MenuViewController.swift */; };
/* End PBXBuildFile section */

/* Begin PBXContainerItemProxy section */
		6ED29FAD1A77BA85005675F8 /* PBXContainerItemProxy */ = {
			isa = PBXContainerItemProxy;
			containerPortal = 6ED29F8F1A77BA85005675F8 /* Project object */;
			proxyType = 1;
			remoteGlobalIDString = 6ED29F961A77BA85005675F8;
			remoteInfo = "AirbnbViewController-Sample";
		};
/* End PBXContainerItemProxy section */

/* Begin PBXFileReference section */
		6E2A66431A79061C00F65839 /* BaseViewController.xib */ = {isa = PBXFileReference; fileEncoding = 4; lastKnownFileType = file.xib; name = BaseViewController.xib; path = AirbnbViewController/BaseViewController.xib; sourceTree = "<group>"; };
		6ED29F971A77BA85005675F8 /* AirbnbViewController-Sample.app */ = {isa = PBXFileReference; explicitFileType = wrapper.application; includeInIndex = 0; path = "AirbnbViewController-Sample.app"; sourceTree = BUILT_PRODUCTS_DIR; };
		6ED29F9B1A77BA85005675F8 /* Info.plist */ = {isa = PBXFileReference; lastKnownFileType = text.plist.xml; path = Info.plist; sourceTree = "<group>"; };
		6ED29F9C1A77BA85005675F8 /* AppDelegate.swift */ = {isa = PBXFileReference; lastKnownFileType = sourcecode.swift; path = AppDelegate.swift; sourceTree = "<group>"; };
		6ED29F9E1A77BA85005675F8 /* ViewController.swift */ = {isa = PBXFileReference; lastKnownFileType = sourcecode.swift; path = ViewController.swift; sourceTree = "<group>"; };
		6ED29FA31A77BA85005675F8 /* Images.xcassets */ = {isa = PBXFileReference; lastKnownFileType = folder.assetcatalog; path = Images.xcassets; sourceTree = "<group>"; };
		6ED29FA61A77BA85005675F8 /* Base */ = {isa = PBXFileReference; lastKnownFileType = file.xib; name = Base; path = Base.lproj/LaunchScreen.xib; sourceTree = "<group>"; };
		6ED29FAC1A77BA85005675F8 /* AirbnbViewController-SampleTests.xctest */ = {isa = PBXFileReference; explicitFileType = wrapper.cfbundle; includeInIndex = 0; path = "AirbnbViewController-SampleTests.xctest"; sourceTree = BUILT_PRODUCTS_DIR; };
		6ED29FB11A77BA85005675F8 /* Info.plist */ = {isa = PBXFileReference; lastKnownFileType = text.plist.xml; path = Info.plist; sourceTree = "<group>"; };
		6ED29FB21A77BA85005675F8 /* AirbnbViewController_SampleTests.swift */ = {isa = PBXFileReference; lastKnownFileType = sourcecode.swift; path = AirbnbViewController_SampleTests.swift; sourceTree = "<group>"; };
		6ED29FBE1A77BAB5005675F8 /* AirbnbHelper.h */ = {isa = PBXFileReference; fileEncoding = 4; lastKnownFileType = sourcecode.c.h; path = AirbnbHelper.h; sourceTree = "<group>"; };
		6ED29FBF1A77BAB5005675F8 /* AirbnbHelper.m */ = {isa = PBXFileReference; fileEncoding = 4; lastKnownFileType = sourcecode.c.objc; path = AirbnbHelper.m; sourceTree = "<group>"; };
		6ED29FC01A77BAB5005675F8 /* AirbnbSessionView.swift */ = {isa = PBXFileReference; fileEncoding = 4; lastKnownFileType = sourcecode.swift; path = AirbnbSessionView.swift; sourceTree = "<group>"; };
		6ED29FC11A77BAB5005675F8 /* AirbnbViewController.swift */ = {isa = PBXFileReference; fileEncoding = 4; lastKnownFileType = sourcecode.swift; path = AirbnbViewController.swift; sourceTree = "<group>"; };
		6ED29FC51A77C0F7005675F8 /* AirbnbViewController-Sample-Bridging-Header.h */ = {isa = PBXFileReference; lastKnownFileType = sourcecode.c.h; path = "AirbnbViewController-Sample-Bridging-Header.h"; sourceTree = "<group>"; };
		6ED29FC61A77C1FA005675F8 /* MenuViewController.swift */ = {isa = PBXFileReference; fileEncoding = 4; lastKnownFileType = sourcecode.swift; path = MenuViewController.swift; sourceTree = "<group>"; };
/* End PBXFileReference section */

/* Begin PBXFrameworksBuildPhase section */
		6ED29F941A77BA85005675F8 /* Frameworks */ = {
			isa = PBXFrameworksBuildPhase;
			buildActionMask = 2147483647;
			files = (
			);
			runOnlyForDeploymentPostprocessing = 0;
		};
		6ED29FA91A77BA85005675F8 /* Frameworks */ = {
			isa = PBXFrameworksBuildPhase;
			buildActionMask = 2147483647;
			files = (
			);
			runOnlyForDeploymentPostprocessing = 0;
		};
/* End PBXFrameworksBuildPhase section */

/* Begin PBXGroup section */
		6ED29F8E1A77BA85005675F8 = {
			isa = PBXGroup;
			children = (
				6ED29F991A77BA85005675F8 /* AirbnbViewController-Sample */,
				6ED29FAF1A77BA85005675F8 /* AirbnbViewController-SampleTests */,
				6ED29F981A77BA85005675F8 /* Products */,
			);
			sourceTree = "<group>";
		};
		6ED29F981A77BA85005675F8 /* Products */ = {
			isa = PBXGroup;
			children = (
				6ED29F971A77BA85005675F8 /* AirbnbViewController-Sample.app */,
				6ED29FAC1A77BA85005675F8 /* AirbnbViewController-SampleTests.xctest */,
			);
			name = Products;
			sourceTree = "<group>";
		};
		6ED29F991A77BA85005675F8 /* AirbnbViewController-Sample */ = {
			isa = PBXGroup;
			children = (
				6ED29FBC1A77BAB5005675F8 /* AirbnbViewController */,
				6ED29F9C1A77BA85005675F8 /* AppDelegate.swift */,
				6ED29F9E1A77BA85005675F8 /* ViewController.swift */,
				6ED29FC61A77C1FA005675F8 /* MenuViewController.swift */,
				6E2A66431A79061C00F65839 /* BaseViewController.xib */,
				6ED29FA31A77BA85005675F8 /* Images.xcassets */,
				6ED29FA51A77BA85005675F8 /* LaunchScreen.xib */,
				6ED29F9A1A77BA85005675F8 /* Supporting Files */,
			);
			path = "AirbnbViewController-Sample";
			sourceTree = "<group>";
		};
		6ED29F9A1A77BA85005675F8 /* Supporting Files */ = {
			isa = PBXGroup;
			children = (
				6ED29F9B1A77BA85005675F8 /* Info.plist */,
				6ED29FC51A77C0F7005675F8 /* AirbnbViewController-Sample-Bridging-Header.h */,
			);
			name = "Supporting Files";
			sourceTree = "<group>";
		};
		6ED29FAF1A77BA85005675F8 /* AirbnbViewController-SampleTests */ = {
			isa = PBXGroup;
			children = (
				6ED29FB21A77BA85005675F8 /* AirbnbViewController_SampleTests.swift */,
				6ED29FB01A77BA85005675F8 /* Supporting Files */,
			);
			path = "AirbnbViewController-SampleTests";
			sourceTree = "<group>";
		};
		6ED29FB01A77BA85005675F8 /* Supporting Files */ = {
			isa = PBXGroup;
			children = (
				6ED29FB11A77BA85005675F8 /* Info.plist */,
			);
			name = "Supporting Files";
			sourceTree = "<group>";
		};
		6ED29FBC1A77BAB5005675F8 /* AirbnbViewController */ = {
			isa = PBXGroup;
			children = (
				6ED29FBD1A77BAB5005675F8 /* AirbnbHelper */,
				6ED29FC01A77BAB5005675F8 /* AirbnbSessionView.swift */,
				6ED29FC11A77BAB5005675F8 /* AirbnbViewController.swift */,
			);
			path = AirbnbViewController;
			sourceTree = "<group>";
		};
		6ED29FBD1A77BAB5005675F8 /* AirbnbHelper */ = {
			isa = PBXGroup;
			children = (
				6ED29FBE1A77BAB5005675F8 /* AirbnbHelper.h */,
				6ED29FBF1A77BAB5005675F8 /* AirbnbHelper.m */,
			);
			path = AirbnbHelper;
			sourceTree = "<group>";
		};
/* End PBXGroup section */

/* Begin PBXNativeTarget section */
		6ED29F961A77BA85005675F8 /* AirbnbViewController-Sample */ = {
			isa = PBXNativeTarget;
			buildConfigurationList = 6ED29FB61A77BA85005675F8 /* Build configuration list for PBXNativeTarget "AirbnbViewController-Sample" */;
			buildPhases = (
				6ED29F931A77BA85005675F8 /* Sources */,
				6ED29F941A77BA85005675F8 /* Frameworks */,
				6ED29F951A77BA85005675F8 /* Resources */,
			);
			buildRules = (
			);
			dependencies = (
			);
			name = "AirbnbViewController-Sample";
			productName = "AirbnbViewController-Sample";
			productReference = 6ED29F971A77BA85005675F8 /* AirbnbViewController-Sample.app */;
			productType = "com.apple.product-type.application";
		};
		6ED29FAB1A77BA85005675F8 /* AirbnbViewController-SampleTests */ = {
			isa = PBXNativeTarget;
			buildConfigurationList = 6ED29FB91A77BA85005675F8 /* Build configuration list for PBXNativeTarget "AirbnbViewController-SampleTests" */;
			buildPhases = (
				6ED29FA81A77BA85005675F8 /* Sources */,
				6ED29FA91A77BA85005675F8 /* Frameworks */,
				6ED29FAA1A77BA85005675F8 /* Resources */,
			);
			buildRules = (
			);
			dependencies = (
				6ED29FAE1A77BA85005675F8 /* PBXTargetDependency */,
			);
			name = "AirbnbViewController-SampleTests";
			productName = "AirbnbViewController-SampleTests";
			productReference = 6ED29FAC1A77BA85005675F8 /* AirbnbViewController-SampleTests.xctest */;
			productType = "com.apple.product-type.bundle.unit-test";
		};
/* End PBXNativeTarget section */

/* Begin PBXProject section */
		6ED29F8F1A77BA85005675F8 /* Project object */ = {
			isa = PBXProject;
			attributes = {
				LastUpgradeCheck = 0610;
				ORGANIZATIONNAME = pixyzehn;
				TargetAttributes = {
					6ED29F961A77BA85005675F8 = {
						CreatedOnToolsVersion = 6.1.1;
					};
					6ED29FAB1A77BA85005675F8 = {
						CreatedOnToolsVersion = 6.1.1;
						TestTargetID = 6ED29F961A77BA85005675F8;
					};
				};
			};
			buildConfigurationList = 6ED29F921A77BA85005675F8 /* Build configuration list for PBXProject "AirbnbViewController-Sample" */;
			compatibilityVersion = "Xcode 3.2";
			developmentRegion = English;
			hasScannedForEncodings = 0;
			knownRegions = (
				en,
				Base,
			);
			mainGroup = 6ED29F8E1A77BA85005675F8;
			productRefGroup = 6ED29F981A77BA85005675F8 /* Products */;
			projectDirPath = "";
			projectRoot = "";
			targets = (
				6ED29F961A77BA85005675F8 /* AirbnbViewController-Sample */,
				6ED29FAB1A77BA85005675F8 /* AirbnbViewController-SampleTests */,
			);
		};
/* End PBXProject section */

/* Begin PBXResourcesBuildPhase section */
		6ED29F951A77BA85005675F8 /* Resources */ = {
			isa = PBXResourcesBuildPhase;
			buildActionMask = 2147483647;
			files = (
				6E2A66441A79061C00F65839 /* BaseViewController.xib in Resources */,
				6ED29FA71A77BA85005675F8 /* LaunchScreen.xib in Resources */,
				6ED29FA41A77BA85005675F8 /* Images.xcassets in Resources */,
			);
			runOnlyForDeploymentPostprocessing = 0;
		};
		6ED29FAA1A77BA85005675F8 /* Resources */ = {
			isa = PBXResourcesBuildPhase;
			buildActionMask = 2147483647;
			files = (
			);
			runOnlyForDeploymentPostprocessing = 0;
		};
/* End PBXResourcesBuildPhase section */

/* Begin PBXSourcesBuildPhase section */
		6ED29F931A77BA85005675F8 /* Sources */ = {
			isa = PBXSourcesBuildPhase;
			buildActionMask = 2147483647;
			files = (
				6ED29F9F1A77BA85005675F8 /* ViewController.swift in Sources */,
				6ED29FC71A77C1FA005675F8 /* MenuViewController.swift in Sources */,
				6ED29F9D1A77BA85005675F8 /* AppDelegate.swift in Sources */,
				6ED29FC21A77BAB5005675F8 /* AirbnbHelper.m in Sources */,
				6ED29FC41A77BAB5005675F8 /* AirbnbViewController.swift in Sources */,
				6ED29FC31A77BAB5005675F8 /* AirbnbSessionView.swift in Sources */,
			);
			runOnlyForDeploymentPostprocessing = 0;
		};
		6ED29FA81A77BA85005675F8 /* Sources */ = {
			isa = PBXSourcesBuildPhase;
			buildActionMask = 2147483647;
			files = (
				6ED29FB31A77BA85005675F8 /* AirbnbViewController_SampleTests.swift in Sources */,
			);
			runOnlyForDeploymentPostprocessing = 0;
		};
/* End PBXSourcesBuildPhase section */

/* Begin PBXTargetDependency section */
		6ED29FAE1A77BA85005675F8 /* PBXTargetDependency */ = {
			isa = PBXTargetDependency;
			target = 6ED29F961A77BA85005675F8 /* AirbnbViewController-Sample */;
			targetProxy = 6ED29FAD1A77BA85005675F8 /* PBXContainerItemProxy */;
		};
/* End PBXTargetDependency section */

/* Begin PBXVariantGroup section */
		6ED29FA51A77BA85005675F8 /* LaunchScreen.xib */ = {
			isa = PBXVariantGroup;
			children = (
				6ED29FA61A77BA85005675F8 /* Base */,
			);
			name = LaunchScreen.xib;
			sourceTree = "<group>";
		};
/* End PBXVariantGroup section */

/* Begin XCBuildConfiguration section */
		6ED29FB41A77BA85005675F8 /* Debug */ = {
			isa = XCBuildConfiguration;
			buildSettings = {
				ALWAYS_SEARCH_USER_PATHS = NO;
				CLANG_CXX_LANGUAGE_STANDARD = "gnu++0x";
				CLANG_CXX_LIBRARY = "libc++";
				CLANG_ENABLE_MODULES = YES;
				CLANG_ENABLE_OBJC_ARC = YES;
				CLANG_WARN_BOOL_CONVERSION = YES;
				CLANG_WARN_CONSTANT_CONVERSION = YES;
				CLANG_WARN_DIRECT_OBJC_ISA_USAGE = YES_ERROR;
				CLANG_WARN_EMPTY_BODY = YES;
				CLANG_WARN_ENUM_CONVERSION = YES;
				CLANG_WARN_INT_CONVERSION = YES;
				CLANG_WARN_OBJC_ROOT_CLASS = YES_ERROR;
				CLANG_WARN_UNREACHABLE_CODE = YES;
				CLANG_WARN__DUPLICATE_METHOD_MATCH = YES;
				"CODE_SIGN_IDENTITY[sdk=iphoneos*]" = "iPhone Developer";
				COPY_PHASE_STRIP = NO;
				ENABLE_STRICT_OBJC_MSGSEND = YES;
				GCC_C_LANGUAGE_STANDARD = gnu99;
				GCC_DYNAMIC_NO_PIC = NO;
				GCC_OPTIMIZATION_LEVEL = 0;
				GCC_PREPROCESSOR_DEFINITIONS = (
					"DEBUG=1",
					"$(inherited)",
				);
				GCC_SYMBOLS_PRIVATE_EXTERN = NO;
				GCC_WARN_64_TO_32_BIT_CONVERSION = YES;
				GCC_WARN_ABOUT_RETURN_TYPE = YES_ERROR;
				GCC_WARN_UNDECLARED_SELECTOR = YES;
				GCC_WARN_UNINITIALIZED_AUTOS = YES_AGGRESSIVE;
				GCC_WARN_UNUSED_FUNCTION = YES;
				GCC_WARN_UNUSED_VARIABLE = YES;
				IPHONEOS_DEPLOYMENT_TARGET = 8.1;
				MTL_ENABLE_DEBUG_INFO = YES;
				ONLY_ACTIVE_ARCH = YES;
				SDKROOT = iphoneos;
				SWIFT_OBJC_BRIDGING_HEADER = "$(SRCROOT)/$(PROJECT)/AirbnbViewController-Sample-Bridging-Header.h";
				SWIFT_OPTIMIZATION_LEVEL = "-Onone";
			};
			name = Debug;
		};
		6ED29FB51A77BA85005675F8 /* Release */ = {
			isa = XCBuildConfiguration;
			buildSettings = {
				ALWAYS_SEARCH_USER_PATHS = NO;
				CLANG_CXX_LANGUAGE_STANDARD = "gnu++0x";
				CLANG_CXX_LIBRARY = "libc++";
				CLANG_ENABLE_MODULES = YES;
				CLANG_ENABLE_OBJC_ARC = YES;
				CLANG_WARN_BOOL_CONVERSION = YES;
				CLANG_WARN_CONSTANT_CONVERSION = YES;
				CLANG_WARN_DIRECT_OBJC_ISA_USAGE = YES_ERROR;
				CLANG_WARN_EMPTY_BODY = YES;
				CLANG_WARN_ENUM_CONVERSION = YES;
				CLANG_WARN_INT_CONVERSION = YES;
				CLANG_WARN_OBJC_ROOT_CLASS = YES_ERROR;
				CLANG_WARN_UNREACHABLE_CODE = YES;
				CLANG_WARN__DUPLICATE_METHOD_MATCH = YES;
				"CODE_SIGN_IDENTITY[sdk=iphoneos*]" = "iPhone Developer";
				COPY_PHASE_STRIP = YES;
				ENABLE_NS_ASSERTIONS = NO;
				ENABLE_STRICT_OBJC_MSGSEND = YES;
				GCC_C_LANGUAGE_STANDARD = gnu99;
				GCC_WARN_64_TO_32_BIT_CONVERSION = YES;
				GCC_WARN_ABOUT_RETURN_TYPE = YES_ERROR;
				GCC_WARN_UNDECLARED_SELECTOR = YES;
				GCC_WARN_UNINITIALIZED_AUTOS = YES_AGGRESSIVE;
				GCC_WARN_UNUSED_FUNCTION = YES;
				GCC_WARN_UNUSED_VARIABLE = YES;
				IPHONEOS_DEPLOYMENT_TARGET = 8.1;
				MTL_ENABLE_DEBUG_INFO = NO;
				SDKROOT = iphoneos;
				SWIFT_OBJC_BRIDGING_HEADER = "$(SRCROOT)/$(PROJECT)/AirbnbViewController-Sample-Bridging-Header.h";
				VALIDATE_PRODUCT = YES;
			};
			name = Release;
		};
		6ED29FB71A77BA85005675F8 /* Debug */ = {
			isa = XCBuildConfiguration;
			buildSettings = {
				ASSETCATALOG_COMPILER_APPICON_NAME = AppIcon;
				INFOPLIST_FILE = "AirbnbViewController-Sample/Info.plist";
				IPHONEOS_DEPLOYMENT_TARGET = 8.1;
				LD_RUNPATH_SEARCH_PATHS = "$(inherited) @executable_path/Frameworks";
				PRODUCT_NAME = "$(TARGET_NAME)";
			};
			name = Debug;
		};
		6ED29FB81A77BA85005675F8 /* Release */ = {
			isa = XCBuildConfiguration;
			buildSettings = {
				ASSETCATALOG_COMPILER_APPICON_NAME = AppIcon;
				INFOPLIST_FILE = "AirbnbViewController-Sample/Info.plist";
				IPHONEOS_DEPLOYMENT_TARGET = 8.1;
				LD_RUNPATH_SEARCH_PATHS = "$(inherited) @executable_path/Frameworks";
				PRODUCT_NAME = "$(TARGET_NAME)";
			};
			name = Release;
		};
		6ED29FBA1A77BA85005675F8 /* Debug */ = {
			isa = XCBuildConfiguration;
			buildSettings = {
				BUNDLE_LOADER = "$(TEST_HOST)";
				FRAMEWORK_SEARCH_PATHS = (
					"$(SDKROOT)/Developer/Library/Frameworks",
					"$(inherited)",
				);
				GCC_PREPROCESSOR_DEFINITIONS = (
					"DEBUG=1",
					"$(inherited)",
				);
				INFOPLIST_FILE = "AirbnbViewController-SampleTests/Info.plist";
				LD_RUNPATH_SEARCH_PATHS = "$(inherited) @executable_path/Frameworks @loader_path/Frameworks";
				PRODUCT_NAME = "$(TARGET_NAME)";
				TEST_HOST = "$(BUILT_PRODUCTS_DIR)/AirbnbViewController-Sample.app/AirbnbViewController-Sample";
			};
			name = Debug;
		};
		6ED29FBB1A77BA85005675F8 /* Release */ = {
			isa = XCBuildConfiguration;
			buildSettings = {
				BUNDLE_LOADER = "$(TEST_HOST)";
				FRAMEWORK_SEARCH_PATHS = (
					"$(SDKROOT)/Developer/Library/Frameworks",
					"$(inherited)",
				);
				INFOPLIST_FILE = "AirbnbViewController-SampleTests/Info.plist";
				LD_RUNPATH_SEARCH_PATHS = "$(inherited) @executable_path/Frameworks @loader_path/Frameworks";
				PRODUCT_NAME = "$(TARGET_NAME)";
				TEST_HOST = "$(BUILT_PRODUCTS_DIR)/AirbnbViewController-Sample.app/AirbnbViewController-Sample";
			};
			name = Release;
		};
/* End XCBuildConfiguration section */

/* Begin XCConfigurationList section */
		6ED29F921A77BA85005675F8 /* Build configuration list for PBXProject "AirbnbViewController-Sample" */ = {
			isa = XCConfigurationList;
			buildConfigurations = (
				6ED29FB41A77BA85005675F8 /* Debug */,
				6ED29FB51A77BA85005675F8 /* Release */,
			);
			defaultConfigurationIsVisible = 0;
			defaultConfigurationName = Release;
		};
		6ED29FB61A77BA85005675F8 /* Build configuration list for PBXNativeTarget "AirbnbViewController-Sample" */ = {
			isa = XCConfigurationList;
			buildConfigurations = (
				6ED29FB71A77BA85005675F8 /* Debug */,
				6ED29FB81A77BA85005675F8 /* Release */,
			);
			defaultConfigurationIsVisible = 0;
			defaultConfigurationName = Release;
		};
		6ED29FB91A77BA85005675F8 /* Build configuration list for PBXNativeTarget "AirbnbViewController-SampleTests" */ = {
			isa = XCConfigurationList;
			buildConfigurations = (
				6ED29FBA1A77BA85005675F8 /* Debug */,
				6ED29FBB1A77BA85005675F8 /* Release */,
			);
			defaultConfigurationIsVisible = 0;
			defaultConfigurationName = Release;
		};
/* End XCConfigurationList section */
	};
	rootObject = 6ED29F8F1A77BA85005675F8 /* Project object */;
}
